PODS:
  - Alamofire (4.8.2)
  - Kingfisher (5.6.0)
  - ObjectMapper (3.5.0)
  - R.swift (5.0.3):
    - R.swift.Library (~> 5.0.0)
  - R.swift.Library (5.0.1)
  - Realm (3.16.2):
    - Realm/Headers (= 3.16.2)
  - Realm/Headers (3.16.2)
  - RealmSwift (3.16.2):
    - Realm (= 3.16.2)
  - Reveal-SDK (23)
  - RxAlamofire (5.0.0):
    - RxAlamofire/Core (= 5.0.0)
  - RxAlamofire/Core (5.0.0):
    - Alamofire (~> 4.8)
    - RxSwift (~> 5.0)
  - RxSwift (5.0.0)
  - SegueManager (4.0.0):
    - SegueManager/iOS (= 4.0.0)
    - SegueManager/OSX (= 4.0.0)
    - SegueManager/R.swift (= 4.0.0)
  - SegueManager/iOS (4.0.0)
  - SegueManager/R.swift (4.0.0):
    - R.swift.Library
    - SegueManager/iOS
  - SwiftDate (6.0.3)
  - Swinject (2.6.1)
  - SwinjectStoryboard (2.2.0):
    - Swinject (~> 2.6)

DEPENDENCIES:
  - Kingfisher (= 5.6.0)
  - ObjectMapper (= 3.5.0)
  - R.swift (= 5.0.3)
  - RealmSwift (= 3.16.2)
  - Reveal-SDK
  - RxAlamofire (= 5.0.0)
  - RxSwift (= 5.0.0)
  - SegueManager (= 4.0.0)
  - SegueManager/R.swift (= 4.0.0)
  - SwiftDate (= 6.0.3)
  - Swinject (= 2.6.1)
  - SwinjectStoryboard (= 2.2.0)

SPEC REPOS:
  https://github.com/cocoapods/specs.git:
    - Alamofire
    - Kingfisher
    - ObjectMapper
    - R.swift
    - R.swift.Library
    - Realm
    - RealmSwift
    - Reveal-SDK
    - RxAlamofire
    - RxSwift
    - SegueManager
    - SwiftDate
    - Swinject
    - SwinjectStoryboard

SPEC CHECKSUMS:
  Alamofire: ae5c501addb7afdbb13687d7f2f722c78734c2d3
  Kingfisher: 1a50df6880a60bae26f3e21a0df3d17b892f5e0b
  ObjectMapper: 078b564ed25c6578b62588e306bf1da3924636d4
  R.swift: f5a87643b91ea569d23d6afb3eee9c743edde239
  R.swift.Library: cfe85d569d9bae6cb262922db130e7c3a7a5fad1
  Realm: 0e73b4edeb5b6a90da3d83206883b2e34e00eb38
  RealmSwift: a81e650171ef0a5f999df1ed8d39ba8d6fce88a4
  Reveal-SDK: bb223749b198a2b9bad6043ec6ad748f99e7abe5
  RxAlamofire: e7875a012aff55345672d0f70a2a9cd6aeb0f211
  RxSwift: 8b0671caa829a763bbce7271095859121cbd895f
  SegueManager: e4970e6f7150c81ec577e0b61d9fda3f27c11db5
  SwiftDate: 8d4f14bf1ef68e95094511504856547bf9e3e1a6
  Swinject: b624462f47b635a64f89a60a247baa5fccec14e1
  SwinjectStoryboard: 32512ef16c2b0ff5b8f823b23539c4a50f6d3383

PODFILE CHECKSUM: d29614692a2499d7de11044f4d38a608698d09e5

COCOAPODS: 1.7.2
