// !$*UTF8*$!
{
	archiveVersion = 1;
	classes = {
	};
	objectVersion = 51;
	objects = {

/* Begin PBXBuildFile section */
		F11E35F6B4400B75257178EA /* Pods_PracticeMakesPerfect.framework in Frameworks */ = {isa = PBXBuildFile; fileRef = 14DB7EFA9BBF8B5651D70493 /* Pods_PracticeMakesPerfect.framework */; };
		F650B36922B9ED5000E2D323 /* AppDelegate.swift in Sources */ = {isa = PBXBuildFile; fileRef = F650B36822B9ED5000E2D323 /* AppDelegate.swift */; };
		F650B36B22B9ED5000E2D323 /* PostListViewController.swift in Sources */ = {isa = PBXBuildFile; fileRef = F650B36A22B9ED5000E2D323 /* PostListViewController.swift */; };
		F650B36E22B9ED5000E2D323 /* Main.storyboard in Resources */ = {isa = PBXBuildFile; fileRef = F650B36C22B9ED5000E2D323 /* Main.storyboard */; };
		F650B37022B9ED5200E2D323 /* Assets.xcassets in Resources */ = {isa = PBXBuildFile; fileRef = F650B36F22B9ED5200E2D323 /* Assets.xcassets */; };
		F650B37322B9ED5200E2D323 /* LaunchScreen.storyboard in Resources */ = {isa = PBXBuildFile; fileRef = F650B37122B9ED5200E2D323 /* LaunchScreen.storyboard */; };
		F6B0DC8A22BA466C00E980CF /* SwinjectStoryboard+Setup.swift in Sources */ = {isa = PBXBuildFile; fileRef = F6B0DC8922BA466C00E980CF /* SwinjectStoryboard+Setup.swift */; };
		F6B0DC8D22BA4E2400E980CF /* PostCollectionViewCell.xib in Resources */ = {isa = PBXBuildFile; fileRef = F6B0DC8C22BA4E2400E980CF /* PostCollectionViewCell.xib */; };
		F6B0DC9022BA7DBB00E980CF /* PracticeMakesPerfectApiClient.swift in Sources */ = {isa = PBXBuildFile; fileRef = F6B0DC8F22BA7DBB00E980CF /* PracticeMakesPerfectApiClient.swift */; };
		F6C054DA22BB7FAD001104AD /* PostApiImpl.swift in Sources */ = {isa = PBXBuildFile; fileRef = F6C054D922BB7FAD001104AD /* PostApiImpl.swift */; };
		F6C054DC22BB8146001104AD /* PostResponse.swift in Sources */ = {isa = PBXBuildFile; fileRef = F6C054DB22BB8146001104AD /* PostResponse.swift */; };
		F6C054DF22BB8B1A001104AD /* RealmStorage.swift in Sources */ = {isa = PBXBuildFile; fileRef = F6C054DE22BB8B1A001104AD /* RealmStorage.swift */; };
		F6C054E122BB91D0001104AD /* PostsRealmStorage.swift in Sources */ = {isa = PBXBuildFile; fileRef = F6C054E022BB91D0001104AD /* PostsRealmStorage.swift */; };
		F6C054E322BBB718001104AD /* PostDetailViewController.swift in Sources */ = {isa = PBXBuildFile; fileRef = F6C054E222BBB718001104AD /* PostDetailViewController.swift */; };
		F6C054E522BBB892001104AD /* PostDetailViewModel.swift in Sources */ = {isa = PBXBuildFile; fileRef = F6C054E422BBB892001104AD /* PostDetailViewModel.swift */; };
		F6C054EB22BBC449001104AD /* R.generated.swift in Sources */ = {isa = PBXBuildFile; fileRef = F6C054EA22BBC448001104AD /* R.generated.swift */; };
		F6D148C022BA32A1006A9C13 /* PostCollectionViewCell.swift in Sources */ = {isa = PBXBuildFile; fileRef = F6D148BF22BA32A1006A9C13 /* PostCollectionViewCell.swift */; };
		F6D148C322BA3829006A9C13 /* PostListViewModel.swift in Sources */ = {isa = PBXBuildFile; fileRef = F6D148C222BA3829006A9C13 /* PostListViewModel.swift */; };
		F6D148C722BA38A7006A9C13 /* PostViewParam.swift in Sources */ = {isa = PBXBuildFile; fileRef = F6D148C622BA38A7006A9C13 /* PostViewParam.swift */; };
		F6D148CA22BA39D0006A9C13 /* Post.swift in Sources */ = {isa = PBXBuildFile; fileRef = F6D148C922BA39D0006A9C13 /* Post.swift */; };
		F6D148CD22BA3A46006A9C13 /* DisplayPosts.swift in Sources */ = {isa = PBXBuildFile; fileRef = F6D148CC22BA3A46006A9C13 /* DisplayPosts.swift */; };
/* End PBXBuildFile section */

/* Begin PBXFileReference section */
		14DB7EFA9BBF8B5651D70493 /* Pods_PracticeMakesPerfect.framework */ = {isa = PBXFileReference; explicitFileType = wrapper.framework; includeInIndex = 0; path = Pods_PracticeMakesPerfect.framework; sourceTree = BUILT_PRODUCTS_DIR; };
		49CFDA4CA5D5B7B34B098588 /* Pods-PracticeMakesPerfect.release.xcconfig */ = {isa = PBXFileReference; includeInIndex = 1; lastKnownFileType = text.xcconfig; name = "Pods-PracticeMakesPerfect.release.xcconfig"; path = "Target Support Files/Pods-PracticeMakesPerfect/Pods-PracticeMakesPerfect.release.xcconfig"; sourceTree = "<group>"; };
		F5DF620E47CA6335EDAA65A1 /* Pods-PracticeMakesPerfect.debug.xcconfig */ = {isa = PBXFileReference; includeInIndex = 1; lastKnownFileType = text.xcconfig; name = "Pods-PracticeMakesPerfect.debug.xcconfig"; path = "Target Support Files/Pods-PracticeMakesPerfect/Pods-PracticeMakesPerfect.debug.xcconfig"; sourceTree = "<group>"; };
		F650B36522B9ED5000E2D323 /* SearchFilter.app */ = {isa = PBXFileReference; explicitFileType = wrapper.application; includeInIndex = 0; path = SearchFilter.app; sourceTree = BUILT_PRODUCTS_DIR; };
		F650B36822B9ED5000E2D323 /* AppDelegate.swift */ = {isa = PBXFileReference; lastKnownFileType = sourcecode.swift; path = AppDelegate.swift; sourceTree = "<group>"; };
		F650B36A22B9ED5000E2D323 /* PostListViewController.swift */ = {isa = PBXFileReference; lastKnownFileType = sourcecode.swift; path = PostListViewController.swift; sourceTree = "<group>"; };
		F650B36D22B9ED5000E2D323 /* Base */ = {isa = PBXFileReference; lastKnownFileType = file.storyboard; name = Base; path = Base.lproj/Main.storyboard; sourceTree = "<group>"; };
		F650B36F22B9ED5200E2D323 /* Assets.xcassets */ = {isa = PBXFileReference; lastKnownFileType = folder.assetcatalog; path = Assets.xcassets; sourceTree = "<group>"; };
		F650B37222B9ED5200E2D323 /* Base */ = {isa = PBXFileReference; lastKnownFileType = file.storyboard; name = Base; path = Base.lproj/LaunchScreen.storyboard; sourceTree = "<group>"; };
		F650B37422B9ED5200E2D323 /* Info.plist */ = {isa = PBXFileReference; lastKnownFileType = text.plist.xml; path = Info.plist; sourceTree = "<group>"; };
		F6B0DC8922BA466C00E980CF /* SwinjectStoryboard+Setup.swift */ = {isa = PBXFileReference; lastKnownFileType = sourcecode.swift; path = "SwinjectStoryboard+Setup.swift"; sourceTree = "<group>"; };
		F6B0DC8C22BA4E2400E980CF /* PostCollectionViewCell.xib */ = {isa = PBXFileReference; lastKnownFileType = file.xib; path = PostCollectionViewCell.xib; sourceTree = "<group>"; };
		F6B0DC8F22BA7DBB00E980CF /* PracticeMakesPerfectApiClient.swift */ = {isa = PBXFileReference; lastKnownFileType = sourcecode.swift; path = PracticeMakesPerfectApiClient.swift; sourceTree = "<group>"; };
		F6C054D922BB7FAD001104AD /* PostApiImpl.swift */ = {isa = PBXFileReference; lastKnownFileType = sourcecode.swift; path = PostApiImpl.swift; sourceTree = "<group>"; };
		F6C054DB22BB8146001104AD /* PostResponse.swift */ = {isa = PBXFileReference; lastKnownFileType = sourcecode.swift; path = PostResponse.swift; sourceTree = "<group>"; };
		F6C054DE22BB8B1A001104AD /* RealmStorage.swift */ = {isa = PBXFileReference; lastKnownFileType = sourcecode.swift; path = RealmStorage.swift; sourceTree = "<group>"; };
		F6C054E022BB91D0001104AD /* PostsRealmStorage.swift */ = {isa = PBXFileReference; lastKnownFileType = sourcecode.swift; path = PostsRealmStorage.swift; sourceTree = "<group>"; };
		F6C054E222BBB718001104AD /* PostDetailViewController.swift */ = {isa = PBXFileReference; lastKnownFileType = sourcecode.swift; path = PostDetailViewController.swift; sourceTree = "<group>"; };
		F6C054E422BBB892001104AD /* PostDetailViewModel.swift */ = {isa = PBXFileReference; lastKnownFileType = sourcecode.swift; path = PostDetailViewModel.swift; sourceTree = "<group>"; };
		F6C054EA22BBC448001104AD /* R.generated.swift */ = {isa = PBXFileReference; fileEncoding = 4; lastKnownFileType = sourcecode.swift; path = R.generated.swift; sourceTree = SOURCE_ROOT; };
		F6D148BF22BA32A1006A9C13 /* PostCollectionViewCell.swift */ = {isa = PBXFileReference; lastKnownFileType = sourcecode.swift; path = PostCollectionViewCell.swift; sourceTree = "<group>"; };
		F6D148C222BA3829006A9C13 /* PostListViewModel.swift */ = {isa = PBXFileReference; lastKnownFileType = sourcecode.swift; path = PostListViewModel.swift; sourceTree = "<group>"; };
		F6D148C622BA38A7006A9C13 /* PostViewParam.swift */ = {isa = PBXFileReference; lastKnownFileType = sourcecode.swift; path = PostViewParam.swift; sourceTree = "<group>"; };
		F6D148C922BA39D0006A9C13 /* Post.swift */ = {isa = PBXFileReference; lastKnownFileType = sourcecode.swift; path = Post.swift; sourceTree = "<group>"; };
		F6D148CC22BA3A46006A9C13 /* DisplayPosts.swift */ = {isa = PBXFileReference; lastKnownFileType = sourcecode.swift; path = DisplayPosts.swift; sourceTree = "<group>"; };
/* End PBXFileReference section */

/* Begin PBXFrameworksBuildPhase section */
		F650B36222B9ED5000E2D323 /* Frameworks */ = {
			isa = PBXFrameworksBuildPhase;
			buildActionMask = 2147483647;
			files = (
				F11E35F6B4400B75257178EA /* Pods_PracticeMakesPerfect.framework in Frameworks */,
			);
			runOnlyForDeploymentPostprocessing = 0;
		};
/* End PBXFrameworksBuildPhase section */

/* Begin PBXGroup section */
		1EF87FACEB6922233D0D8155 /* Pods */ = {
			isa = PBXGroup;
			children = (
				F5DF620E47CA6335EDAA65A1 /* Pods-PracticeMakesPerfect.debug.xcconfig */,
				49CFDA4CA5D5B7B34B098588 /* Pods-PracticeMakesPerfect.release.xcconfig */,
			);
			path = Pods;
			sourceTree = "<group>";
		};
		A1719F0CFFE5F669C4D17E22 /* Frameworks */ = {
			isa = PBXGroup;
			children = (
				14DB7EFA9BBF8B5651D70493 /* Pods_PracticeMakesPerfect.framework */,
			);
			name = Frameworks;
			sourceTree = "<group>";
		};
		F650B35C22B9ED5000E2D323 = {
			isa = PBXGroup;
			children = (
				F650B36722B9ED5000E2D323 /* SearchFilter */,
				F650B36622B9ED5000E2D323 /* Products */,
				1EF87FACEB6922233D0D8155 /* Pods */,
				A1719F0CFFE5F669C4D17E22 /* Frameworks */,
			);
			sourceTree = "<group>";
		};
		F650B36622B9ED5000E2D323 /* Products */ = {
			isa = PBXGroup;
			children = (
				F650B36522B9ED5000E2D323 /* SearchFilter.app */,
			);
			name = Products;
			sourceTree = "<group>";
		};
		F650B36722B9ED5000E2D323 /* SearchFilter */ = {
			isa = PBXGroup;
			children = (
				F650B37422B9ED5200E2D323 /* Info.plist */,
				F6D148B822BA24DA006A9C13 /* App */,
				F6D148B922BA28C8006A9C13 /* Assets */,
				F6D148B722BA24D7006A9C13 /* Storyboards */,
				F6B0DC8B22BA4E0700E980CF /* Xibs */,
				F6D148C422BA388A006A9C13 /* Interactors */,
				F6D148BA22BA28F5006A9C13 /* Adapters */,
				F6D148C822BA39B9006A9C13 /* Entities */,
				F6C054E922BBC3DD001104AD /* Libraries */,
			);
			path = SearchFilter;
			sourceTree = "<group>";
		};
		F6B0DC8B22BA4E0700E980CF /* Xibs */ = {
			isa = PBXGroup;
			children = (
				F6B0DC8C22BA4E2400E980CF /* PostCollectionViewCell.xib */,
			);
			path = Xibs;
			sourceTree = "<group>";
		};
		F6B0DC8E22BA7DA100E980CF /* ApiServices */ = {
			isa = PBXGroup;
			children = (
				F6B0DC8F22BA7DBB00E980CF /* PracticeMakesPerfectApiClient.swift */,
				F6B0DC9222BA7DE400E980CF /* Services */,
				F6B0DC9122BA7DD600E980CF /* Responses */,
			);
			path = ApiServices;
			sourceTree = "<group>";
		};
		F6B0DC9122BA7DD600E980CF /* Responses */ = {
			isa = PBXGroup;
			children = (
				F6C054DB22BB8146001104AD /* PostResponse.swift */,
			);
			path = Responses;
			sourceTree = "<group>";
		};
		F6B0DC9222BA7DE400E980CF /* Services */ = {
			isa = PBXGroup;
			children = (
				F6C054D922BB7FAD001104AD /* PostApiImpl.swift */,
			);
			path = Services;
			sourceTree = "<group>";
		};
		F6C054DD22BB8B06001104AD /* Storages */ = {
			isa = PBXGroup;
			children = (
				F6C054DE22BB8B1A001104AD /* RealmStorage.swift */,
				F6C054E022BB91D0001104AD /* PostsRealmStorage.swift */,
			);
			path = Storages;
			sourceTree = "<group>";
		};
		F6C054E922BBC3DD001104AD /* Libraries */ = {
			isa = PBXGroup;
			children = (
				F6C054EA22BBC448001104AD /* R.generated.swift */,
			);
			path = Libraries;
			sourceTree = "<group>";
		};
		F6D148B722BA24D7006A9C13 /* Storyboards */ = {
			isa = PBXGroup;
			children = (
				F650B36C22B9ED5000E2D323 /* Main.storyboard */,
				F650B37122B9ED5200E2D323 /* LaunchScreen.storyboard */,
			);
			path = Storyboards;
			sourceTree = "<group>";
		};
		F6D148B822BA24DA006A9C13 /* App */ = {
			isa = PBXGroup;
			children = (
				F650B36822B9ED5000E2D323 /* AppDelegate.swift */,
				F6B0DC8922BA466C00E980CF /* SwinjectStoryboard+Setup.swift */,
			);
			path = App;
			sourceTree = "<group>";
		};
		F6D148B922BA28C8006A9C13 /* Assets */ = {
			isa = PBXGroup;
			children = (
				F650B36F22B9ED5200E2D323 /* Assets.xcassets */,
			);
			path = Assets;
			sourceTree = "<group>";
		};
		F6D148BA22BA28F5006A9C13 /* Adapters */ = {
			isa = PBXGroup;
			children = (
				F6C054DD22BB8B06001104AD /* Storages */,
				F6B0DC8E22BA7DA100E980CF /* ApiServices */,
				F6D148C122BA3809006A9C13 /* ViewModels */,
				F6D148BB22BA2906006A9C13 /* Views */,
			);
			path = Adapters;
			sourceTree = "<group>";
		};
		F6D148BB22BA2906006A9C13 /* Views */ = {
			isa = PBXGroup;
			children = (
				F6D148BD22BA3227006A9C13 /* Components */,
				F6D148BC22BA290E006A9C13 /* Screens */,
			);
			path = Views;
			sourceTree = "<group>";
		};
		F6D148BC22BA290E006A9C13 /* Screens */ = {
			isa = PBXGroup;
			children = (
				F650B36A22B9ED5000E2D323 /* PostListViewController.swift */,
				F6C054E222BBB718001104AD /* PostDetailViewController.swift */,
			);
			path = Screens;
			sourceTree = "<group>";
		};
		F6D148BD22BA3227006A9C13 /* Components */ = {
			isa = PBXGroup;
			children = (
				F6D148BE22BA3230006A9C13 /* Views */,
			);
			path = Components;
			sourceTree = "<group>";
		};
		F6D148BE22BA3230006A9C13 /* Views */ = {
			isa = PBXGroup;
			children = (
				F6D148BF22BA32A1006A9C13 /* PostCollectionViewCell.swift */,
			);
			path = Views;
			sourceTree = "<group>";
		};
		F6D148C122BA3809006A9C13 /* ViewModels */ = {
			isa = PBXGroup;
			children = (
				F6D148C222BA3829006A9C13 /* PostListViewModel.swift */,
				F6C054E422BBB892001104AD /* PostDetailViewModel.swift */,
			);
			path = ViewModels;
			sourceTree = "<group>";
		};
		F6D148C422BA388A006A9C13 /* Interactors */ = {
			isa = PBXGroup;
			children = (
				F6D148CB22BA3A35006A9C13 /* UseCases */,
				F6D148C522BA3897006A9C13 /* ViewParams */,
			);
			path = Interactors;
			sourceTree = "<group>";
		};
		F6D148C522BA3897006A9C13 /* ViewParams */ = {
			isa = PBXGroup;
			children = (
				F6D148C622BA38A7006A9C13 /* PostViewParam.swift */,
			);
			path = ViewParams;
			sourceTree = "<group>";
		};
		F6D148C822BA39B9006A9C13 /* Entities */ = {
			isa = PBXGroup;
			children = (
				F6D148C922BA39D0006A9C13 /* Post.swift */,
			);
			path = Entities;
			sourceTree = "<group>";
		};
		F6D148CB22BA3A35006A9C13 /* UseCases */ = {
			isa = PBXGroup;
			children = (
				F6D148CC22BA3A46006A9C13 /* DisplayPosts.swift */,
			);
			path = UseCases;
			sourceTree = "<group>";
		};
/* End PBXGroup section */

/* Begin PBXNativeTarget section */
		F650B36422B9ED5000E2D323 /* SearchFilter */ = {
			isa = PBXNativeTarget;
			buildConfigurationList = F650B37722B9ED5200E2D323 /* Build configuration list for PBXNativeTarget "SearchFilter" */;
			buildPhases = (
				9718893414975C763A1BDFD2 /* [CP] Check Pods Manifest.lock */,
				F6C054E622BBBF57001104AD /* Run R.Swift */,
				F650B36122B9ED5000E2D323 /* Sources */,
				F650B36222B9ED5000E2D323 /* Frameworks */,
				F650B36322B9ED5000E2D323 /* Resources */,
				1104156DE5B7C790502B391B /* [CP] Embed Pods Frameworks */,
			);
			buildRules = (
			);
			dependencies = (
			);
			name = SearchFilter;
			productName = PracticeMakesPerfect;
			productReference = F650B36522B9ED5000E2D323 /* SearchFilter.app */;
			productType = "com.apple.product-type.application";
		};
/* End PBXNativeTarget section */

/* Begin PBXProject section */
		F650B35D22B9ED5000E2D323 /* Project object */ = {
			isa = PBXProject;
			attributes = {
				LastSwiftUpdateCheck = 1020;
				LastUpgradeCheck = 1020;
				ORGANIZATIONNAME = jimmy;
				TargetAttributes = {
					F650B36422B9ED5000E2D323 = {
						CreatedOnToolsVersion = 10.2.1;
					};
				};
			};
			buildConfigurationList = F650B36022B9ED5000E2D323 /* Build configuration list for PBXProject "SearchFilter" */;
			compatibilityVersion = "Xcode 9.3";
			developmentRegion = en;
			hasScannedForEncodings = 0;
			knownRegions = (
				en,
				Base,
			);
			mainGroup = F650B35C22B9ED5000E2D323;
			productRefGroup = F650B36622B9ED5000E2D323 /* Products */;
			projectDirPath = "";
			projectRoot = "";
			targets = (
				F650B36422B9ED5000E2D323 /* SearchFilter */,
			);
		};
/* End PBXProject section */

/* Begin PBXResourcesBuildPhase section */
		F650B36322B9ED5000E2D323 /* Resources */ = {
			isa = PBXResourcesBuildPhase;
			buildActionMask = 2147483647;
			files = (
				F6B0DC8D22BA4E2400E980CF /* PostCollectionViewCell.xib in Resources */,
				F650B37322B9ED5200E2D323 /* LaunchScreen.storyboard in Resources */,
				F650B37022B9ED5200E2D323 /* Assets.xcassets in Resources */,
				F650B36E22B9ED5000E2D323 /* Main.storyboard in Resources */,
			);
			runOnlyForDeploymentPostprocessing = 0;
		};
/* End PBXResourcesBuildPhase section */

/* Begin PBXShellScriptBuildPhase section */
		1104156DE5B7C790502B391B /* [CP] Embed Pods Frameworks */ = {
			isa = PBXShellScriptBuildPhase;
			buildActionMask = 2147483647;
			files = (
			);
			inputFileListPaths = (
				"${PODS_ROOT}/Target Support Files/Pods-PracticeMakesPerfect/Pods-PracticeMakesPerfect-frameworks-${CONFIGURATION}-input-files.xcfilelist",
			);
			name = "[CP] Embed Pods Frameworks";
			outputFileListPaths = (
				"${PODS_ROOT}/Target Support Files/Pods-PracticeMakesPerfect/Pods-PracticeMakesPerfect-frameworks-${CONFIGURATION}-output-files.xcfilelist",
			);
			runOnlyForDeploymentPostprocessing = 0;
			shellPath = /bin/sh;
			shellScript = "\"${PODS_ROOT}/Target Support Files/Pods-PracticeMakesPerfect/Pods-PracticeMakesPerfect-frameworks.sh\"\n";
			showEnvVarsInLog = 0;
		};
		9718893414975C763A1BDFD2 /* [CP] Check Pods Manifest.lock */ = {
			isa = PBXShellScriptBuildPhase;
			buildActionMask = 2147483647;
			files = (
			);
			inputFileListPaths = (
			);
			inputPaths = (
				"${PODS_PODFILE_DIR_PATH}/Podfile.lock",
				"${PODS_ROOT}/Manifest.lock",
			);
			name = "[CP] Check Pods Manifest.lock";
			outputFileListPaths = (
			);
			outputPaths = (
				"$(DERIVED_FILE_DIR)/Pods-PracticeMakesPerfect-checkManifestLockResult.txt",
			);
			runOnlyForDeploymentPostprocessing = 0;
			shellPath = /bin/sh;
			shellScript = "diff \"${PODS_PODFILE_DIR_PATH}/Podfile.lock\" \"${PODS_ROOT}/Manifest.lock\" > /dev/null\nif [ $? != 0 ] ; then\n    # print error to STDERR\n    echo \"error: The sandbox is not in sync with the Podfile.lock. Run 'pod install' or update your CocoaPods installation.\" >&2\n    exit 1\nfi\n# This output is used by Xcode 'outputs' to avoid re-running this script phase.\necho \"SUCCESS\" > \"${SCRIPT_OUTPUT_FILE_0}\"\n";
			showEnvVarsInLog = 0;
		};
		F6C054E622BBBF57001104AD /* Run R.Swift */ = {
			isa = PBXShellScriptBuildPhase;
			buildActionMask = 2147483647;
			files = (
			);
			inputFileListPaths = (
			);
			inputPaths = (
				"$TEMP_DIR/rswift-lastrun",
			);
			name = "Run R.Swift";
			outputFileListPaths = (
			);
			outputPaths = (
				$SRCROOT/R.generated.swift,
			);
			runOnlyForDeploymentPostprocessing = 0;
			shellPath = /bin/sh;
			shellScript = "\"$PODS_ROOT/R.swift/rswift\" generate \"$SRCROOT/R.generated.swift\"\n";
		};
/* End PBXShellScriptBuildPhase section */

/* Begin PBXSourcesBuildPhase section */
		F650B36122B9ED5000E2D323 /* Sources */ = {
			isa = PBXSourcesBuildPhase;
			buildActionMask = 2147483647;
			files = (
				F6C054E122BB91D0001104AD /* PostsRealmStorage.swift in Sources */,
				F6C054E322BBB718001104AD /* PostDetailViewController.swift in Sources */,
				F6C054DA22BB7FAD001104AD /* PostApiImpl.swift in Sources */,
				F650B36B22B9ED5000E2D323 /* PostListViewController.swift in Sources */,
				F6D148C022BA32A1006A9C13 /* PostCollectionViewCell.swift in Sources */,
				F6C054DC22BB8146001104AD /* PostResponse.swift in Sources */,
				F6B0DC9022BA7DBB00E980CF /* PracticeMakesPerfectApiClient.swift in Sources */,
				F6C054DF22BB8B1A001104AD /* RealmStorage.swift in Sources */,
				F6C054EB22BBC449001104AD /* R.generated.swift in Sources */,
				F6D148C322BA3829006A9C13 /* PostListViewModel.swift in Sources */,
				F6D148CD22BA3A46006A9C13 /* DisplayPosts.swift in Sources */,
				F6D148CA22BA39D0006A9C13 /* Post.swift in Sources */,
				F6B0DC8A22BA466C00E980CF /* SwinjectStoryboard+Setup.swift in Sources */,
				F650B36922B9ED5000E2D323 /* AppDelegate.swift in Sources */,
				F6D148C722BA38A7006A9C13 /* PostViewParam.swift in Sources */,
				F6C054E522BBB892001104AD /* PostDetailViewModel.swift in Sources */,
			);
			runOnlyForDeploymentPostprocessing = 0;
		};
/* End PBXSourcesBuildPhase section */

/* Begin PBXVariantGroup section */
		F650B36C22B9ED5000E2D323 /* Main.storyboard */ = {
			isa = PBXVariantGroup;
			children = (
				F650B36D22B9ED5000E2D323 /* Base */,
			);
			name = Main.storyboard;
			sourceTree = "<group>";
		};
		F650B37122B9ED5200E2D323 /* LaunchScreen.storyboard */ = {
			isa = PBXVariantGroup;
			children = (
				F650B37222B9ED5200E2D323 /* Base */,
			);
			name = LaunchScreen.storyboard;
			sourceTree = "<group>";
		};
/* End PBXVariantGroup section */

/* Begin XCBuildConfiguration section */
		F650B37522B9ED5200E2D323 /* Debug */ = {
			isa = XCBuildConfiguration;
			buildSettings = {
				ALWAYS_SEARCH_USER_PATHS = NO;
				CLANG_ANALYZER_NONNULL = YES;
				CLANG_ANALYZER_NUMBER_OBJECT_CONVERSION = YES_AGGRESSIVE;
				CLANG_CXX_LANGUAGE_STANDARD = "gnu++14";
				CLANG_CXX_LIBRARY = "libc++";
				CLANG_ENABLE_MODULES = YES;
				CLANG_ENABLE_OBJC_ARC = YES;
				CLANG_ENABLE_OBJC_WEAK = YES;
				CLANG_WARN_BLOCK_CAPTURE_AUTORELEASING = YES;
				CLANG_WARN_BOOL_CONVERSION = YES;
				CLANG_WARN_COMMA = YES;
				CLANG_WARN_CONSTANT_CONVERSION = YES;
				CLANG_WARN_DEPRECATED_OBJC_IMPLEMENTATIONS = YES;
				CLANG_WARN_DIRECT_OBJC_ISA_USAGE = YES_ERROR;
				CLANG_WARN_DOCUMENTATION_COMMENTS = YES;
				CLANG_WARN_EMPTY_BODY = YES;
				CLANG_WARN_ENUM_CONVERSION = YES;
				CLANG_WARN_INFINITE_RECURSION = YES;
				CLANG_WARN_INT_CONVERSION = YES;
				CLANG_WARN_NON_LITERAL_NULL_CONVERSION = YES;
				CLANG_WARN_OBJC_IMPLICIT_RETAIN_SELF = YES;
				CLANG_WARN_OBJC_LITERAL_CONVERSION = YES;
				CLANG_WARN_OBJC_ROOT_CLASS = YES_ERROR;
				CLANG_WARN_RANGE_LOOP_ANALYSIS = YES;
				CLANG_WARN_STRICT_PROTOTYPES = YES;
				CLANG_WARN_SUSPICIOUS_MOVE = YES;
				CLANG_WARN_UNGUARDED_AVAILABILITY = YES_AGGRESSIVE;
				CLANG_WARN_UNREACHABLE_CODE = YES;
				CLANG_WARN__DUPLICATE_METHOD_MATCH = YES;
				CODE_SIGN_IDENTITY = "iPhone Developer";
				COPY_PHASE_STRIP = NO;
				DEBUG_INFORMATION_FORMAT = dwarf;
				ENABLE_STRICT_OBJC_MSGSEND = YES;
				ENABLE_TESTABILITY = YES;
				GCC_C_LANGUAGE_STANDARD = gnu11;
				GCC_DYNAMIC_NO_PIC = NO;
				GCC_NO_COMMON_BLOCKS = YES;
				GCC_OPTIMIZATION_LEVEL = 0;
				GCC_PREPROCESSOR_DEFINITIONS = (
					"DEBUG=1",
					"$(inherited)",
				);
				GCC_WARN_64_TO_32_BIT_CONVERSION = YES;
				GCC_WARN_ABOUT_RETURN_TYPE = YES_ERROR;
				GCC_WARN_UNDECLARED_SELECTOR = YES;
				GCC_WARN_UNINITIALIZED_AUTOS = YES_AGGRESSIVE;
				GCC_WARN_UNUSED_FUNCTION = YES;
				GCC_WARN_UNUSED_VARIABLE = YES;
				IPHONEOS_DEPLOYMENT_TARGET = 12.2;
				MTL_ENABLE_DEBUG_INFO = INCLUDE_SOURCE;
				MTL_FAST_MATH = YES;
				ONLY_ACTIVE_ARCH = YES;
				SDKROOT = iphoneos;
				SWIFT_ACTIVE_COMPILATION_CONDITIONS = DEBUG;
				SWIFT_OPTIMIZATION_LEVEL = "-Onone";
			};
			name = Debug;
		};
		F650B37622B9ED5200E2D323 /* Release */ = {
			isa = XCBuildConfiguration;
			buildSettings = {
				ALWAYS_SEARCH_USER_PATHS = NO;
				CLANG_ANALYZER_NONNULL = YES;
				CLANG_ANALYZER_NUMBER_OBJECT_CONVERSION = YES_AGGRESSIVE;
				CLANG_CXX_LANGUAGE_STANDARD = "gnu++14";
				CLANG_CXX_LIBRARY = "libc++";
				CLANG_ENABLE_MODULES = YES;
				CLANG_ENABLE_OBJC_ARC = YES;
				CLANG_ENABLE_OBJC_WEAK = YES;
				CLANG_WARN_BLOCK_CAPTURE_AUTORELEASING = YES;
				CLANG_WARN_BOOL_CONVERSION = YES;
				CLANG_WARN_COMMA = YES;
				CLANG_WARN_CONSTANT_CONVERSION = YES;
				CLANG_WARN_DEPRECATED_OBJC_IMPLEMENTATIONS = YES;
				CLANG_WARN_DIRECT_OBJC_ISA_USAGE = YES_ERROR;
				CLANG_WARN_DOCUMENTATION_COMMENTS = YES;
				CLANG_WARN_EMPTY_BODY = YES;
				CLANG_WARN_ENUM_CONVERSION = YES;
				CLANG_WARN_INFINITE_RECURSION = YES;
				CLANG_WARN_INT_CONVERSION = YES;
				CLANG_WARN_NON_LITERAL_NULL_CONVERSION = YES;
				CLANG_WARN_OBJC_IMPLICIT_RETAIN_SELF = YES;
				CLANG_WARN_OBJC_LITERAL_CONVERSION = YES;
				CLANG_WARN_OBJC_ROOT_CLASS = YES_ERROR;
				CLANG_WARN_RANGE_LOOP_ANALYSIS = YES;
				CLANG_WARN_STRICT_PROTOTYPES = YES;
				CLANG_WARN_SUSPICIOUS_MOVE = YES;
				CLANG_WARN_UNGUARDED_AVAILABILITY = YES_AGGRESSIVE;
				CLANG_WARN_UNREACHABLE_CODE = YES;
				CLANG_WARN__DUPLICATE_METHOD_MATCH = YES;
				CODE_SIGN_IDENTITY = "iPhone Developer";
				COPY_PHASE_STRIP = NO;
				DEBUG_INFORMATION_FORMAT = "dwarf-with-dsym";
				ENABLE_NS_ASSERTIONS = NO;
				ENABLE_STRICT_OBJC_MSGSEND = YES;
				GCC_C_LANGUAGE_STANDARD = gnu11;
				GCC_NO_COMMON_BLOCKS = YES;
				GCC_WARN_64_TO_32_BIT_CONVERSION = YES;
				GCC_WARN_ABOUT_RETURN_TYPE = YES_ERROR;
				GCC_WARN_UNDECLARED_SELECTOR = YES;
				GCC_WARN_UNINITIALIZED_AUTOS = YES_AGGRESSIVE;
				GCC_WARN_UNUSED_FUNCTION = YES;
				GCC_WARN_UNUSED_VARIABLE = YES;
				IPHONEOS_DEPLOYMENT_TARGET = 12.2;
				MTL_ENABLE_DEBUG_INFO = NO;
				MTL_FAST_MATH = YES;
				SDKROOT = iphoneos;
				SWIFT_COMPILATION_MODE = wholemodule;
				SWIFT_OPTIMIZATION_LEVEL = "-O";
				VALIDATE_PRODUCT = YES;
			};
			name = Release;
		};
		F650B37822B9ED5200E2D323 /* Debug */ = {
			isa = XCBuildConfiguration;
			baseConfigurationReference = F5DF620E47CA6335EDAA65A1 /* Pods-PracticeMakesPerfect.debug.xcconfig */;
			buildSettings = {
				ASSETCATALOG_COMPILER_APPICON_NAME = AppIcon;
				CODE_SIGN_STYLE = Automatic;
				DEVELOPMENT_TEAM = 62FAAQSNV3;
				INFOPLIST_FILE = "$(SRCROOT)/SearchFilter/Info.plist";
				LD_RUNPATH_SEARCH_PATHS = (
					"$(inherited)",
					"@executable_path/Frameworks",
				);
				PRODUCT_BUNDLE_IDENTIFIER = com.searchfilter;
				PRODUCT_NAME = "$(TARGET_NAME)";
				SWIFT_VERSION = 5.0;
				TARGETED_DEVICE_FAMILY = "1,2";
			};
			name = Debug;
		};
		F650B37922B9ED5200E2D323 /* Release */ = {
			isa = XCBuildConfiguration;
			baseConfigurationReference = 49CFDA4CA5D5B7B34B098588 /* Pods-PracticeMakesPerfect.release.xcconfig */;
			buildSettings = {
				ASSETCATALOG_COMPILER_APPICON_NAME = AppIcon;
				CODE_SIGN_STYLE = Automatic;
				DEVELOPMENT_TEAM = 62FAAQSNV3;
				INFOPLIST_FILE = "$(SRCROOT)/SearchFilter/Info.plist";
				LD_RUNPATH_SEARCH_PATHS = (
					"$(inherited)",
					"@executable_path/Frameworks",
				);
				PRODUCT_BUNDLE_IDENTIFIER = com.searchfilter;
				PRODUCT_NAME = "$(TARGET_NAME)";
				SWIFT_VERSION = 5.0;
				TARGETED_DEVICE_FAMILY = "1,2";
			};
			name = Release;
		};
/* End XCBuildConfiguration section */

/* Begin XCConfigurationList section */
		F650B36022B9ED5000E2D323 /* Build configuration list for PBXProject "SearchFilter" */ = {
			isa = XCConfigurationList;
			buildConfigurations = (
				F650B37522B9ED5200E2D323 /* Debug */,
				F650B37622B9ED5200E2D323 /* Release */,
			);
			defaultConfigurationIsVisible = 0;
			defaultConfigurationName = Release;
		};
		F650B37722B9ED5200E2D323 /* Build configuration list for PBXNativeTarget "SearchFilter" */ = {
			isa = XCConfigurationList;
			buildConfigurations = (
				F650B37822B9ED5200E2D323 /* Debug */,
				F650B37922B9ED5200E2D323 /* Release */,
			);
			defaultConfigurationIsVisible = 0;
			defaultConfigurationName = Release;
		};
/* End XCConfigurationList section */
	};
	rootObject = F650B35D22B9ED5000E2D323 /* Project object */;
}
